
Microsoft Visual Studio Solution File, Format Version 12.00
# Visual Studio Version 16
VisualStudioVersion = 16.0.30907.101
MinimumVisualStudioVersion = 10.0.40219.1
Project("{8BC9CEB8-8B4A-11D0-8D11-00A0C91BC942}") = "PS Lab3", "PS Lab3\PS Lab3.vcxproj", "{A50B3437-39BD-4495-B235-7333E5F6AFFD}"
EndProject
Global
	GlobalSection(SolutionConfigurationPlatforms) = preSolution
		Debug|x64 = Debug|x64
		Debug|x86 = Debug|x86
		Release|x64 = Release|x64
		Release|x86 = Release|x86
	EndGlobalSection
	GlobalSection(ProjectConfigurationPlatforms) = postSolution
		{A50B3437-39BD-4495-B235-7333E5F6AFFD}.Debug|x64.ActiveCfg = Debug|x64
		{A50B3437-39BD-4495-B235-7333E5F6AFFD}.Debug|x64.Build.0 = Debug|x64
		{A50B3437-39BD-4495-B235-7333E5F6AFFD}.Debug|x86.ActiveCfg = Debug|Win32
		{A50B3437-39BD-4495-B235-7333E5F6AFFD}.Debug|x86.Build.0 = Debug|Win32
		{A50B3437-39BD-4495-B235-7333E5F6AFFD}.Release|x64.ActiveCfg = Release|x64
		{A50B3437-39BD-4495-B235-7333E5F6AFFD}.Release|x64.Build.0 = Release|x64
		{A50B3437-39BD-4495-B235-7333E5F6AFFD}.Release|x86.ActiveCfg = Release|Win32
		{A50B3437-39BD-4495-B235-7333E5F6AFFD}.Release|x86.Build.0 = Release|Win32
	EndGlobalSection
	GlobalSection(SolutionProperties) = preSolution
		HideSolutionNode = FALSE
	EndGlobalSection
	GlobalSection(ExtensibilityGlobals) = postSolution
		SolutionGuid = {5469F1CA-3910-4B81-9157-3A66C0BDA26D}
	EndGlobalSection
EndGlobal
